// !$*UTF8*$!
{
	archiveVersion = 1;
	classes = {
	};
	objectVersion = 46;
	objects = {

/* Begin PBXBuildFile section */
		0F4F0BA31D041ACD00408905 /* AppDelegate.swift in Sources */ = {isa = PBXBuildFile; fileRef = 0F4F0BA21D041ACD00408905 /* AppDelegate.swift */; };
		0F4F0BA51D041ACD00408905 /* ViewController.swift in Sources */ = {isa = PBXBuildFile; fileRef = 0F4F0BA41D041ACD00408905 /* ViewController.swift */; };
		0F4F0BA81D041ACD00408905 /* Main.storyboard in Resources */ = {isa = PBXBuildFile; fileRef = 0F4F0BA61D041ACD00408905 /* Main.storyboard */; };
		0F4F0BAA1D041ACD00408905 /* Assets.xcassets in Resources */ = {isa = PBXBuildFile; fileRef = 0F4F0BA91D041ACD00408905 /* Assets.xcassets */; };
		0F4F0BAD1D041ACD00408905 /* LaunchScreen.storyboard in Resources */ = {isa = PBXBuildFile; fileRef = 0F4F0BAB1D041ACD00408905 /* LaunchScreen.storyboard */; };
		0F8F6FA51D68AA4300F773A0 /* MapKit.framework in Frameworks */ = {isa = PBXBuildFile; fileRef = 0F8F6FA41D68AA4300F773A0 /* MapKit.framework */; };
/* End PBXBuildFile section */

/* Begin PBXFileReference section */
		0F4F0BA21D041ACD00408905 /* AppDelegate.swift */ = {isa = PBXFileReference; lastKnownFileType = sourcecode.swift; path = AppDelegate.swift; sourceTree = "<group>"; };
		0F4F0BA41D041ACD00408905 /* ViewController.swift */ = {isa = PBXFileReference; lastKnownFileType = sourcecode.swift; path = ViewController.swift; sourceTree = "<group>"; };
		0F4F0BA71D041ACD00408905 /* Base */ = {isa = PBXFileReference; lastKnownFileType = file.storyboard; name = Base; path = Base.lproj/Main.storyboard; sourceTree = "<group>"; };
		0F4F0BA91D041ACD00408905 /* Assets.xcassets */ = {isa = PBXFileReference; lastKnownFileType = folder.assetcatalog; path = Assets.xcassets; sourceTree = "<group>"; };
		0F4F0BAC1D041ACD00408905 /* Base */ = {isa = PBXFileReference; lastKnownFileType = file.storyboard; name = Base; path = Base.lproj/LaunchScreen.storyboard; sourceTree = "<group>"; };
		0F4F0BAE1D041ACD00408905 /* Info.plist */ = {isa = PBXFileReference; lastKnownFileType = text.plist.xml; path = Info.plist; sourceTree = "<group>"; };
		0F8F6FA41D68AA4300F773A0 /* MapKit.framework */ = {isa = PBXFileReference; lastKnownFileType = wrapper.framework; name = MapKit.framework; path = System/Library/Frameworks/MapKit.framework; sourceTree = SDKROOT; };
		0F8F6FA61D68AE7200F773A0 /* zipcode.app */ = {isa = PBXFileReference; explicitFileType = wrapper.application; includeInIndex = 0; path = zipcode.app; sourceTree = BUILT_PRODUCTS_DIR; };
/* End PBXFileReference section */

/* Begin PBXFrameworksBuildPhase section */
		0F4F0B9C1D041ACD00408905 /* Frameworks */ = {
			isa = PBXFrameworksBuildPhase;
			buildActionMask = 2147483647;
			files = (
				0F8F6FA51D68AA4300F773A0 /* MapKit.framework in Frameworks */,
			);
			runOnlyForDeploymentPostprocessing = 0;
		};
/* End PBXFrameworksBuildPhase section */

/* Begin PBXGroup section */
		0F4F0B961D041ACD00408905 = {
			isa = PBXGroup;
			children = (
				0F8F6FA41D68AA4300F773A0 /* MapKit.framework */,
				0F4F0BA11D041ACD00408905 /* zipcode */,
				0F8F6FA61D68AE7200F773A0 /* zipcode.app */,
			);
			sourceTree = "<group>";
		};
		0F4F0BA11D041ACD00408905 /* zipcode */ = {
			isa = PBXGroup;
			children = (
				0F4F0BA21D041ACD00408905 /* AppDelegate.swift */,
				0F4F0BA41D041ACD00408905 /* ViewController.swift */,
				0F4F0BA61D041ACD00408905 /* Main.storyboard */,
				0F4F0BA91D041ACD00408905 /* Assets.xcassets */,
				0F4F0BAB1D041ACD00408905 /* LaunchScreen.storyboard */,
				0F4F0BAE1D041ACD00408905 /* Info.plist */,
			);
			path = zipcode;
			sourceTree = "<group>";
		};
/* End PBXGroup section */

/* Begin PBXNativeTarget section */
		0F4F0B9E1D041ACD00408905 /* zipcode */ = {
			isa = PBXNativeTarget;
			buildConfigurationList = 0F4F0BB11D041ACD00408905 /* Build configuration list for PBXNativeTarget "zipcode" */;
			buildPhases = (
				0F4F0B9B1D041ACD00408905 /* Sources */,
				0F4F0B9C1D041ACD00408905 /* Frameworks */,
				0F4F0B9D1D041ACD00408905 /* Resources */,
			);
			buildRules = (
			);
			dependencies = (
			);
			name = zipcode;
			productName = zipcode;
			productReference = 0F8F6FA61D68AE7200F773A0 /* zipcode.app */;
			productType = "com.apple.product-type.application";
		};
/* End PBXNativeTarget section */

/* Begin PBXProject section */
		0F4F0B971D041ACD00408905 /* Project object */ = {
			isa = PBXProject;
			attributes = {
				LastUpgradeCheck = 0700;
				ORGANIZATIONNAME = pattyhama;
				TargetAttributes = {
					0F4F0B9E1D041ACD00408905 = {
						CreatedOnToolsVersion = 7.0;
						DevelopmentTeam = 9KV4S62HRP;
					};
				};
			};
			buildConfigurationList = 0F4F0B9A1D041ACD00408905 /* Build configuration list for PBXProject "zipcode" */;
			compatibilityVersion = "Xcode 3.2";
			developmentRegion = English;
			hasScannedForEncodings = 0;
			knownRegions = (
				en,
				Base,
			);
			mainGroup = 0F4F0B961D041ACD00408905;
			productRefGroup = 0F4F0B961D041ACD00408905;
			projectDirPath = "";
			projectRoot = "";
			targets = (
				0F4F0B9E1D041ACD00408905 /* zipcode */,
			);
		};
/* End PBXProject section */

/* Begin PBXResourcesBuildPhase section */
		0F4F0B9D1D041ACD00408905 /* Resources */ = {
			isa = PBXResourcesBuildPhase;
			buildActionMask = 2147483647;
			files = (
				0F4F0BAD1D041ACD00408905 /* LaunchScreen.storyboard in Resources */,
				0F4F0BAA1D041ACD00408905 /* Assets.xcassets in Resources */,
				0F4F0BA81D041ACD00408905 /* Main.storyboard in Resources */,
			);
			runOnlyForDeploymentPostprocessing = 0;
		};
/* End PBXResourcesBuildPhase section */

/* Begin PBXSourcesBuildPhase section */
		0F4F0B9B1D041ACD00408905 /* Sources */ = {
			isa = PBXSourcesBuildPhase;
			buildActionMask = 2147483647;
			files = (
				0F4F0BA51D041ACD00408905 /* ViewController.swift in Sources */,
				0F4F0BA31D041ACD00408905 /* AppDelegate.swift in Sources */,
			);
			runOnlyForDeploymentPostprocessing = 0;
		};
/* End PBXSourcesBuildPhase section */

/* Begin PBXVariantGroup section */
		0F4F0BA61D041ACD00408905 /* Main.storyboard */ = {
			isa = PBXVariantGroup;
			children = (
				0F4F0BA71D041ACD00408905 /* Base */,
			);
			name = Main.storyboard;
			sourceTree = "<group>";
		};
		0F4F0BAB1D041ACD00408905 /* LaunchScreen.storyboard */ = {
			isa = PBXVariantGroup;
			children = (
				0F4F0BAC1D041ACD00408905 /* Base */,
			);
			name = LaunchScreen.storyboard;
			sourceTree = "<group>";
		};
/* End PBXVariantGroup section */

/* Begin XCBuildConfiguration section */
		0F4F0BAF1D041ACD00408905 /* Debug */ = {
			isa = XCBuildConfiguration;
			buildSettings = {
				ALWAYS_SEARCH_USER_PATHS = NO;
				CLANG_CXX_LANGUAGE_STANDARD = "gnu++0x";
				CLANG_CXX_LIBRARY = "libc++";
				CLANG_ENABLE_MODULES = YES;
				CLANG_ENABLE_OBJC_ARC = YES;
				CLANG_WARN_BOOL_CONVERSION = YES;
				CLANG_WARN_CONSTANT_CONVERSION = YES;
				CLANG_WARN_DIRECT_OBJC_ISA_USAGE = YES_ERROR;
				CLANG_WARN_EMPTY_BODY = YES;
				CLANG_WARN_ENUM_CONVERSION = YES;
				CLANG_WARN_INT_CONVERSION = YES;
				CLANG_WARN_OBJC_ROOT_CLASS = YES_ERROR;
				CLANG_WARN_UNREACHABLE_CODE = YES;
				CLANG_WARN__DUPLICATE_METHOD_MATCH = YES;
				"CODE_SIGN_IDENTITY[sdk=iphoneos*]" = "iPhone Developer";
				COPY_PHASE_STRIP = NO;
				DEBUG_INFORMATION_FORMAT = dwarf;
				ENABLE_STRICT_OBJC_MSGSEND = YES;
				ENABLE_TESTABILITY = YES;
				GCC_C_LANGUAGE_STANDARD = gnu99;
				GCC_DYNAMIC_NO_PIC = NO;
				GCC_NO_COMMON_BLOCKS = YES;
				GCC_OPTIMIZATION_LEVEL = 0;
				GCC_PREPROCESSOR_DEFINITIONS = (
					"DEBUG=1",
					"$(inherited)",
				);
				GCC_WARN_64_TO_32_BIT_CONVERSION = YES;
				GCC_WARN_ABOUT_RETURN_TYPE = YES_ERROR;
				GCC_WARN_UNDECLARED_SELECTOR = YES;
				GCC_WARN_UNINITIALIZED_AUTOS = YES_AGGRESSIVE;
				GCC_WARN_UNUSED_FUNCTION = YES;
				GCC_WARN_UNUSED_VARIABLE = YES;
				IPHONEOS_DEPLOYMENT_TARGET = 9.0;
				MTL_ENABLE_DEBUG_INFO = YES;
				ONLY_ACTIVE_ARCH = YES;
				SDKROOT = iphoneos;
				SWIFT_OPTIMIZATION_LEVEL = "-Onone";
			};
			name = Debug;
		};
		0F4F0BB01D041ACD00408905 /* Release */ = {
			isa = XCBuildConfiguration;
			buildSettings = {
				ALWAYS_SEARCH_USER_PATHS = NO;
				CLANG_CXX_LANGUAGE_STANDARD = "gnu++0x";
				CLANG_CXX_LIBRARY = "libc++";
				CLANG_ENABLE_MODULES = YES;
				CLANG_ENABLE_OBJC_ARC = YES;
				CLANG_WARN_BOOL_CONVERSION = YES;
				CLANG_WARN_CONSTANT_CONVERSION = YES;
				CLANG_WARN_DIRECT_OBJC_ISA_USAGE = YES_ERROR;
				CLANG_WARN_EMPTY_BODY = YES;
				CLANG_WARN_ENUM_CONVERSION = YES;
				CLANG_WARN_INT_CONVERSION = YES;
				CLANG_WARN_OBJC_ROOT_CLASS = YES_ERROR;
				CLANG_WARN_UNREACHABLE_CODE = YES;
				CLANG_WARN__DUPLICATE_METHOD_MATCH = YES;
				"CODE_SIGN_IDENTITY[sdk=iphoneos*]" = "iPhone Developer";
				COPY_PHASE_STRIP = NO;
				DEBUG_INFORMATION_FORMAT = "dwarf-with-dsym";
				ENABLE_NS_ASSERTIONS = NO;
				ENABLE_STRICT_OBJC_MSGSEND = YES;
				GCC_C_LANGUAGE_STANDARD = gnu99;
				GCC_NO_COMMON_BLOCKS = YES;
				GCC_WARN_64_TO_32_BIT_CONVERSION = YES;
				GCC_WARN_ABOUT_RETURN_TYPE = YES_ERROR;
				GCC_WARN_UNDECLARED_SELECTOR = YES;
				GCC_WARN_UNINITIALIZED_AUTOS = YES_AGGRESSIVE;
				GCC_WARN_UNUSED_FUNCTION = YES;
				GCC_WARN_UNUSED_VARIABLE = YES;
				IPHONEOS_DEPLOYMENT_TARGET = 9.0;
				MTL_ENABLE_DEBUG_INFO = NO;
				SDKROOT = iphoneos;
				VALIDATE_PRODUCT = YES;
			};
			name = Release;
		};
		0F4F0BB21D041ACD00408905 /* Debug */ = {
			isa = XCBuildConfiguration;
			buildSettings = {
				ASSETCATALOG_COMPILER_APPICON_NAME = AppIcon;
				CODE_SIGN_IDENTITY = "iPhone Developer";
				"CODE_SIGN_IDENTITY[sdk=iphoneos*]" = "iPhone Developer";
				INFOPLIST_FILE = zipcode/Info.plist;
				LD_RUNPATH_SEARCH_PATHS = "$(inherited) @executable_path/Frameworks";
				PRODUCT_BUNDLE_IDENTIFIER = pattyhama.zipcode;
				PRODUCT_NAME = "$(TARGET_NAME)";
				PROVISIONING_PROFILE = "";
			};
			name = Debug;
		};
		0F4F0BB31D041ACD00408905 /* Release */ = {
			isa = XCBuildConfiguration;
			buildSettings = {
				ASSETCATALOG_COMPILER_APPICON_NAME = AppIcon;
				CODE_SIGN_IDENTITY = "iPhone Developer";
				"CODE_SIGN_IDENTITY[sdk=iphoneos*]" = "iPhone Developer";
				INFOPLIST_FILE = zipcode/Info.plist;
				LD_RUNPATH_SEARCH_PATHS = "$(inherited) @executable_path/Frameworks";
				PRODUCT_BUNDLE_IDENTIFIER = pattyhama.zipcode;
				PRODUCT_NAME = "$(TARGET_NAME)";
				PROVISIONING_PROFILE = "";
			};
			name = Release;
		};
/* End XCBuildConfiguration section */

/* Begin XCConfigurationList section */
		0F4F0B9A1D041ACD00408905 /* Build configuration list for PBXProject "zipcode" */ = {
			isa = XCConfigurationList;
			buildConfigurations = (
				0F4F0BAF1D041ACD00408905 /* Debug */,
				0F4F0BB01D041ACD00408905 /* Release */,
			);
			defaultConfigurationIsVisible = 0;
			defaultConfigurationName = Release;
		};
		0F4F0BB11D041ACD00408905 /* Build configuration list for PBXNativeTarget "zipcode" */ = {
			isa = XCConfigurationList;
			buildConfigurations = (
				0F4F0BB21D041ACD00408905 /* Debug */,
				0F4F0BB31D041ACD00408905 /* Release */,
			);
			defaultConfigurationIsVisible = 0;
			defaultConfigurationName = Release;
		};
/* End XCConfigurationList section */
	};
	rootObject = 0F4F0B971D041ACD00408905 /* Project object */;
}
